
Microsoft Visual Studio Solution File, Format Version 12.00
# Visual Studio Version 17
VisualStudioVersion = 17.7.34202.233
MinimumVisualStudioVersion = 10.0.40219.1
Project("{9A19103F-16F7-4668-BE54-9A1E7A4F7556}") = "Emulator_WYD", "Emulator_WYD\Emulator_WYD.csproj", "{3305F1B2-7983-4E06-804A-DF86BB568EBC}"
EndProject
Global
	GlobalSection(SolutionConfigurationPlatforms) = preSolution
		Debug|Any CPU = Debug|Any CPU
		Release|Any CPU = Release|Any CPU
	EndGlobalSection
	GlobalSection(ProjectConfigurationPlatforms) = postSolution
		{3305F1B2-7983-4E06-804A-DF86BB568EBC}.Debug|Any CPU.ActiveCfg = Debug|Any CPU
		{3305F1B2-7983-4E06-804A-DF86BB568EBC}.Debug|Any CPU.Build.0 = Debug|Any CPU
		{3305F1B2-7983-4E06-804A-DF86BB568EBC}.Release|Any CPU.ActiveCfg = Release|Any CPU
		{3305F1B2-7983-4E06-804A-DF86BB568EBC}.Release|Any CPU.Build.0 = Release|Any CPU
	EndGlobalSection
	GlobalSection(SolutionProperties) = preSolution
		HideSolutionNode = FALSE
	EndGlobalSection
	GlobalSection(ExtensibilityGlobals) = postSolution
		SolutionGuid = {CA0BC2B6-BA1C-43CC-AB39-5C61A56F12FD}
	EndGlobalSection
EndGlobal
